# @generated - this file is auto-generated by `mise lock` https://mise.jdx.dev/dev-tools/mise-lock.html

[[tools.flux2]]
version = "2.9.4"
backend = "aqua:fluxcd/flux2"

[tools.flux2."platforms.linux-arm64"]
checksum = "sha256:dcab945f8d8658662fa1db93e150a602ba1f91da367a82e099bd65595fc7c62c"
url = "https://github.com/fluxcd/flux2/releases/download/v2.9.4/flux_2.9.4_linux_arm64.tar.gz"
url_api = "https://api.github.com/repos/fluxcd/flux2/releases/assets/505259828"

[tools.flux2."platforms.linux-arm64".provenance.slsa]
url = "https://github.com/fluxcd/flux2/releases/download/v2.9.4/provenance.intoto.jsonl"

[tools.flux2."platforms.linux-arm64-musl"]
checksum = "sha256:dcab945f8d8658662fa1db93e150a602ba1f91da367a82e099bd65595fc7c62c"
url = "https://github.com/fluxcd/flux2/releases/download/v2.9.4/flux_2.9.4_linux_arm64.tar.gz"
url_api = "https://api.github.com/repos/fluxcd/flux2/releases/assets/505259828"

[tools.flux2."platforms.linux-arm64-musl".provenance.slsa]
url = "https://github.com/fluxcd/flux2/releases/download/v2.9.4/provenance.intoto.jsonl"

[tools.flux2."platforms.linux-x64"]
checksum = "sha256:c2c397a52930f52d2005c01d276116b059d062de379386d58e98115380a766a2"
url = "https://github.com/fluxcd/flux2/releases/download/v2.9.4/flux_2.9.4_linux_amd64.tar.gz"
url_api = "https://api.github.com/repos/fluxcd/flux2/releases/assets/505259827"

[tools.flux2."platforms.linux-x64".provenance.slsa]
url = "https://github.com/fluxcd/flux2/releases/download/v2.9.4/provenance.intoto.jsonl"

[tools.flux2."platforms.linux-x64-musl"]
checksum = "sha256:c2c397a52930f52d2005c01d276116b059d062de379386d58e98115380a766a2"
url = "https://github.com/fluxcd/flux2/releases/download/v2.9.4/flux_2.9.4_linux_amd64.tar.gz"
url_api = "https://api.github.com/repos/fluxcd/flux2/releases/assets/505259827"

[tools.flux2."platforms.linux-x64-musl".provenance.slsa]
url = "https://github.com/fluxcd/flux2/releases/download/v2.9.4/provenance.intoto.jsonl"

[tools.flux2."platforms.macos-arm64"]
checksum = "sha256:5350675411f1c8c20fb7fd827450933e939f7ab82a2cd92f8fa2abe497761911"
url = "https://github.com/fluxcd/flux2/releases/download/v2.9.4/flux_2.9.4_darwin_arm64.tar.gz"
url_api = "https://api.github.com/repos/fluxcd/flux2/releases/assets/505259822"

[tools.flux2."platforms.macos-arm64".provenance.slsa]
url = "https://github.com/fluxcd/flux2/releases/download/v2.9.4/provenance.intoto.jsonl"

[tools.flux2."platforms.macos-x64"]
checksum = "sha256:162e11dd0fd44d1d87f3b8308b74e8ef8fedd0a550b8501f0365f329efc476f8"
url = "https://github.com/fluxcd/flux2/releases/download/v2.9.4/flux_2.9.4_darwin_amd64.tar.gz"
url_api = "https://api.github.com/repos/fluxcd/flux2/releases/assets/505259836"

[tools.flux2."platforms.macos-x64".provenance.slsa]
url = "https://github.com/fluxcd/flux2/releases/download/v2.9.4/provenance.intoto.jsonl"

[tools.flux2."platforms.windows-x64"]
checksum = "sha256:524a148bdc77d6baa05fb22472e2ecf153f51c198ff299475a7245e4016b06c2"
url = "https://github.com/fluxcd/flux2/releases/download/v2.9.4/flux_2.9.4_windows_amd64.zip"
url_api = "https://api.github.com/repos/fluxcd/flux2/releases/assets/505259830"

[tools.flux2."platforms.windows-x64".provenance.slsa]
url = "https://github.com/fluxcd/flux2/releases/download/v2.9.4/provenance.intoto.jsonl"

[[tools."pipx:flux-local"]]
version = "8.4.0"
backend = "pipx:flux-local"

[[tools.talosctl]]
version = "1.14.0"
backend = "aqua:siderolabs/talos"

[tools.talosctl.options]
"vars.exe" = "talosctl"

[tools.talosctl."platforms.linux-arm64"]
checksum = "sha256:19615e1d0eb222de86ec2f1487e7d6e74f5171a9038e73aeacde8cc647e3d9e0"
url = "https://github.com/siderolabs/talos/releases/download/v1.14.0/talosctl-linux-arm64"
url_api = "https://api.github.com/repos/siderolabs/talos/releases/assets/542359013"
provenance = "cosign"

[tools.talosctl."platforms.linux-arm64-musl"]
checksum = "sha256:19615e1d0eb222de86ec2f1487e7d6e74f5171a9038e73aeacde8cc647e3d9e0"
url = "https://github.com/siderolabs/talos/releases/download/v1.14.0/talosctl-linux-arm64"
url_api = "https://api.github.com/repos/siderolabs/talos/releases/assets/542359013"
provenance = "cosign"

[tools.talosctl."platforms.linux-x64"]
checksum = "sha256:2c147c4a99d124c95bd5c190fe054e0b3c93495f2243fd652ebd423adb8377c7"
url = "https://github.com/siderolabs/talos/releases/download/v1.14.0/talosctl-linux-amd64"
url_api = "https://api.github.com/repos/siderolabs/talos/releases/assets/542359015"
provenance = "cosign"

[tools.talosctl."platforms.linux-x64-musl"]
checksum = "sha256:2c147c4a99d124c95bd5c190fe054e0b3c93495f2243fd652ebd423adb8377c7"
url = "https://github.com/siderolabs/talos/releases/download/v1.14.0/talosctl-linux-amd64"
url_api = "https://api.github.com/repos/siderolabs/talos/releases/assets/542359015"
provenance = "cosign"

[tools.talosctl."platforms.macos-arm64"]
checksum = "sha256:f0c65a0e970b6f23cf0160e432e7496ba93957a49f369780d4e53888ed66ef46"
url = "https://github.com/siderolabs/talos/releases/download/v1.14.0/talosctl-darwin-arm64"
url_api = "https://api.github.com/repos/siderolabs/talos/releases/assets/542359001"
provenance = "cosign"

[tools.talosctl."platforms.macos-x64"]
checksum = "sha256:6563baa43774ef5c351e0d9f2fd720941c482da01fe3aed53ee9644b552453c5"
url = "https://github.com/siderolabs/talos/releases/download/v1.14.0/talosctl-darwin-amd64"
url_api = "https://api.github.com/repos/siderolabs/talos/releases/assets/542359004"
provenance = "cosign"

[tools.talosctl."platforms.windows-x64"]
checksum = "sha256:915061c1aecb5c05dd88f46d4a3beb043d6f08a9ec244c613fcf59939e3992d6"
url = "https://github.com/siderolabs/talos/releases/download/v1.14.0/talosctl-windows-amd64.exe"
url_api = "https://api.github.com/repos/siderolabs/talos/releases/assets/542358999"
provenance = "cosign"

[[tools.uv]]
version = "0.12.7"
backend = "aqua:astral-sh/uv"

[tools.uv."platforms.linux-arm64"]
checksum = "sha256:66393193038dd7eb108abd7a218d9cec04ac70ab98242b0720fa94de19223b7c"
url = "https://github.com/astral-sh/uv/releases/download/0.12.7/uv-aarch64-unknown-linux-gnu.tar.gz"
url_api = "https://api.github.com/repos/astral-sh/uv/releases/assets/532935189"
provenance = "github-attestations"

[tools.uv."platforms.linux-arm64-musl"]
checksum = "sha256:6dcf60e3c085de88ace3671b949ca99f0652be561ff5627f0d21394140f041db"
url = "https://github.com/astral-sh/uv/releases/download/0.12.7/uv-aarch64-unknown-linux-musl.tar.gz"
url_api = "https://api.github.com/repos/astral-sh/uv/releases/assets/532935192"
provenance = "github-attestations"

[tools.uv."platforms.linux-x64"]
checksum = "sha256:788f18abea7c5f55d6216e4f5613fd89d4d59b631efeec117b2b07fe72f1da21"
url = "https://github.com/astral-sh/uv/releases/download/0.12.7/uv-x86_64-unknown-linux-gnu.tar.gz"
url_api = "https://api.github.com/repos/astral-sh/uv/releases/assets/532935280"
provenance = "github-attestations"

[tools.uv."platforms.linux-x64-musl"]
checksum = "sha256:3d64d44ed67da7908dc7f5c4d64ebb44bad326fa17f8a0a52fc9a7793017bbe1"
url = "https://github.com/astral-sh/uv/releases/download/0.12.7/uv-x86_64-unknown-linux-musl.tar.gz"
url_api = "https://api.github.com/repos/astral-sh/uv/releases/assets/532935287"
provenance = "github-attestations"

[tools.uv."platforms.macos-arm64"]
checksum = "sha256:127ebdda7ad953cdf198e964b570ea5771b85467ea93eb7cb6d6f8e6f55408f3"
url = "https://github.com/astral-sh/uv/releases/download/0.12.7/uv-aarch64-apple-darwin.tar.gz"
url_api = "https://api.github.com/repos/astral-sh/uv/releases/assets/532935178"
provenance = "github-attestations"

[tools.uv."platforms.macos-x64"]
checksum = "sha256:06b8ae1da8c2661c5434507a66f8c2b0b835933bf955b5958a9ac357a37d1959"
url = "https://github.com/astral-sh/uv/releases/download/0.12.7/uv-x86_64-apple-darwin.tar.gz"
url_api = "https://api.github.com/repos/astral-sh/uv/releases/assets/532935264"
provenance = "github-attestations"

[tools.uv."platforms.windows-x64"]
checksum = "sha256:bf1518af459a3915511a11fdc6e2f43ef9a2afa138b9d498eeb9642fe9d85218"
url = "https://github.com/astral-sh/uv/releases/download/0.12.7/uv-x86_64-pc-windows-msvc.zip"
url_api = "https://api.github.com/repos/astral-sh/uv/releases/assets/532935273"
provenance = "github-attestations"
