# @generated - this file is auto-generated by `mise lock` https://mise.jdx.dev/dev-tools/mise-lock.html

[[tools.flux2]]
version = "2.9.5"
backend = "aqua:fluxcd/flux2"

[tools.flux2."platforms.linux-arm64"]
checksum = "sha256:f3e159af616ec0b9bd0a405c2185cf09d06b74652c1de3c7f377e8166826651a"
url = "https://github.com/fluxcd/flux2/releases/download/v2.9.5/flux_2.9.5_linux_arm64.tar.gz"
url_api = "https://api.github.com/repos/fluxcd/flux2/releases/assets/538282890"

[tools.flux2."platforms.linux-arm64".provenance.slsa]
url = "https://github.com/fluxcd/flux2/releases/download/v2.9.5/provenance.intoto.jsonl"

[tools.flux2."platforms.linux-arm64-musl"]
checksum = "sha256:f3e159af616ec0b9bd0a405c2185cf09d06b74652c1de3c7f377e8166826651a"
url = "https://github.com/fluxcd/flux2/releases/download/v2.9.5/flux_2.9.5_linux_arm64.tar.gz"
url_api = "https://api.github.com/repos/fluxcd/flux2/releases/assets/538282890"

[tools.flux2."platforms.linux-arm64-musl".provenance.slsa]
url = "https://github.com/fluxcd/flux2/releases/download/v2.9.5/provenance.intoto.jsonl"

[tools.flux2."platforms.linux-x64"]
checksum = "sha256:b853df82adfd7736f580692f9f734473d571606307139f8fd20c2a80dd1ff473"
url = "https://github.com/fluxcd/flux2/releases/download/v2.9.5/flux_2.9.5_linux_amd64.tar.gz"
url_api = "https://api.github.com/repos/fluxcd/flux2/releases/assets/538282891"

[tools.flux2."platforms.linux-x64".provenance.slsa]
url = "https://github.com/fluxcd/flux2/releases/download/v2.9.5/provenance.intoto.jsonl"

[tools.flux2."platforms.linux-x64-musl"]
checksum = "sha256:b853df82adfd7736f580692f9f734473d571606307139f8fd20c2a80dd1ff473"
url = "https://github.com/fluxcd/flux2/releases/download/v2.9.5/flux_2.9.5_linux_amd64.tar.gz"
url_api = "https://api.github.com/repos/fluxcd/flux2/releases/assets/538282891"

[tools.flux2."platforms.linux-x64-musl".provenance.slsa]
url = "https://github.com/fluxcd/flux2/releases/download/v2.9.5/provenance.intoto.jsonl"

[tools.flux2."platforms.macos-arm64"]
checksum = "sha256:2869ef7151a6f1b27e6b5d2a6804f3ef23c7bdaa06a74e00d3fe5bfc646547fd"
url = "https://github.com/fluxcd/flux2/releases/download/v2.9.5/flux_2.9.5_darwin_arm64.tar.gz"
url_api = "https://api.github.com/repos/fluxcd/flux2/releases/assets/538282876"

[tools.flux2."platforms.macos-arm64".provenance.slsa]
url = "https://github.com/fluxcd/flux2/releases/download/v2.9.5/provenance.intoto.jsonl"

[tools.flux2."platforms.macos-x64"]
checksum = "sha256:5748583cf5da035ca2d751190d2c15f5f656d305c166ec28a312a2f3b6799e31"
url = "https://github.com/fluxcd/flux2/releases/download/v2.9.5/flux_2.9.5_darwin_amd64.tar.gz"
url_api = "https://api.github.com/repos/fluxcd/flux2/releases/assets/538282892"

[tools.flux2."platforms.macos-x64".provenance.slsa]
url = "https://github.com/fluxcd/flux2/releases/download/v2.9.5/provenance.intoto.jsonl"

[tools.flux2."platforms.windows-x64"]
checksum = "sha256:1a23053bf9abbedbdac07237f5c6ae9b0da0bcb77ddbd103faa99839c6a7f562"
url = "https://github.com/fluxcd/flux2/releases/download/v2.9.5/flux_2.9.5_windows_amd64.zip"
url_api = "https://api.github.com/repos/fluxcd/flux2/releases/assets/538282898"

[tools.flux2."platforms.windows-x64".provenance.slsa]
url = "https://github.com/fluxcd/flux2/releases/download/v2.9.5/provenance.intoto.jsonl"

[[tools."pipx:flux-local"]]
version = "8.4.0"
backend = "pipx:flux-local"

[[tools.talosctl]]
version = "1.14.2"
backend = "aqua:siderolabs/talos"

[tools.talosctl.options]
"vars.exe" = "talosctl"

[tools.talosctl."platforms.linux-arm64"]
checksum = "sha256:5b7119f9cc68c1e6dcd394564208a9ae417c5cc9e8e2585fa173082e53f5e6d7"
url = "https://github.com/siderolabs/talos/releases/download/v1.14.2/talosctl-linux-arm64"
url_api = "https://api.github.com/repos/siderolabs/talos/releases/assets/599059725"
provenance = "cosign"

[tools.talosctl."platforms.linux-arm64-musl"]
checksum = "sha256:5b7119f9cc68c1e6dcd394564208a9ae417c5cc9e8e2585fa173082e53f5e6d7"
url = "https://github.com/siderolabs/talos/releases/download/v1.14.2/talosctl-linux-arm64"
url_api = "https://api.github.com/repos/siderolabs/talos/releases/assets/599059725"
provenance = "cosign"

[tools.talosctl."platforms.linux-x64"]
checksum = "sha256:c6c9552b0e5f767352c595fa1c0af4f186f697488646872955057d23990a66c4"
url = "https://github.com/siderolabs/talos/releases/download/v1.14.2/talosctl-linux-amd64"
url_api = "https://api.github.com/repos/siderolabs/talos/releases/assets/599059721"
provenance = "cosign"

[tools.talosctl."platforms.linux-x64-musl"]
checksum = "sha256:c6c9552b0e5f767352c595fa1c0af4f186f697488646872955057d23990a66c4"
url = "https://github.com/siderolabs/talos/releases/download/v1.14.2/talosctl-linux-amd64"
url_api = "https://api.github.com/repos/siderolabs/talos/releases/assets/599059721"
provenance = "cosign"

[tools.talosctl."platforms.macos-arm64"]
checksum = "sha256:4b509e96912278f2af58dc0005be5252124bcba4b87a7f877674160bbf000b6f"
url = "https://github.com/siderolabs/talos/releases/download/v1.14.2/talosctl-darwin-arm64"
url_api = "https://api.github.com/repos/siderolabs/talos/releases/assets/599059741"
provenance = "cosign"

[tools.talosctl."platforms.macos-x64"]
checksum = "sha256:250525ff19b32ebf25e90d8943d88870f40f39618007fcba70b524efa5549a0c"
url = "https://github.com/siderolabs/talos/releases/download/v1.14.2/talosctl-darwin-amd64"
url_api = "https://api.github.com/repos/siderolabs/talos/releases/assets/599059728"
provenance = "cosign"

[tools.talosctl."platforms.windows-x64"]
checksum = "sha256:0f0b6fc765f78a78161f01c70f044c73e70536b772fd0ea023918849e9744998"
url = "https://github.com/siderolabs/talos/releases/download/v1.14.2/talosctl-windows-amd64.exe"
url_api = "https://api.github.com/repos/siderolabs/talos/releases/assets/599059709"
provenance = "cosign"

[[tools.uv]]
version = "0.12.21"
backend = "aqua:astral-sh/uv"

[tools.uv."platforms.linux-arm64"]
checksum = "sha256:030b69227b40af8c1981b7301793dc66e71ed3c796ea8688209dd268bd91ec51"
url = "https://github.com/astral-sh/uv/releases/download/0.12.21/uv-aarch64-unknown-linux-gnu.tar.gz"
url_api = "https://api.github.com/repos/astral-sh/uv/releases/assets/599237845"
provenance = "github-attestations"

[tools.uv."platforms.linux-arm64-musl"]
checksum = "sha256:67389a674e62adffa5a395d9a3b80688731c4aa7b33a6def3e62d00f7fec821f"
url = "https://github.com/astral-sh/uv/releases/download/0.12.21/uv-aarch64-unknown-linux-musl.tar.gz"
url_api = "https://api.github.com/repos/astral-sh/uv/releases/assets/599237864"
provenance = "github-attestations"

[tools.uv."platforms.linux-x64"]
checksum = "sha256:23f02075b652bb1df64178cfae41b5caf160822e720e2663568f3f5d63bc52c0"
url = "https://github.com/astral-sh/uv/releases/download/0.12.21/uv-x86_64-unknown-linux-gnu.tar.gz"
url_api = "https://api.github.com/repos/astral-sh/uv/releases/assets/599238020"
provenance = "github-attestations"

[tools.uv."platforms.linux-x64-musl"]
checksum = "sha256:d69d543a55ec9cdf9d3d9f2648b0a161847e3dbddc477e3be6b5813a6d46f639"
url = "https://github.com/astral-sh/uv/releases/download/0.12.21/uv-x86_64-unknown-linux-musl.tar.gz"
url_api = "https://api.github.com/repos/astral-sh/uv/releases/assets/599238034"
provenance = "github-attestations"

[tools.uv."platforms.macos-arm64"]
checksum = "sha256:b88bda573e566ef9bced66b155fe0408626fbbc053aee1c30ba686f0728c9447"
url = "https://github.com/astral-sh/uv/releases/download/0.12.21/uv-aarch64-apple-darwin.tar.gz"
url_api = "https://api.github.com/repos/astral-sh/uv/releases/assets/599237829"
provenance = "github-attestations"

[tools.uv."platforms.macos-x64"]
checksum = "sha256:2b336763b396ec6afa20c5a8b083538ca7402445b868311979d740a4344c17d8"
url = "https://github.com/astral-sh/uv/releases/download/0.12.21/uv-x86_64-apple-darwin.tar.gz"
url_api = "https://api.github.com/repos/astral-sh/uv/releases/assets/599237993"
provenance = "github-attestations"

[tools.uv."platforms.windows-x64"]
checksum = "sha256:5d223efa0bf00208c3853246af09420419dfbd352536aa6bb8163d6170e23890"
url = "https://github.com/astral-sh/uv/releases/download/0.12.21/uv-x86_64-pc-windows-msvc.zip"
url_api = "https://api.github.com/repos/astral-sh/uv/releases/assets/599238008"
provenance = "github-attestations"
